hash: 5c599a6f5d155e1d2a7d0f72534dfeef58c7b3f0688aaa24eb2cc232ce2aae9a
updated: 2017-08-24T15:31:02.729950377+09:00
imports:
- name: cloud.google.com/go
  version: e08da2b906e55a135acb4c335baefd7422ea35b0
  subpackages:
  - compute/metadata
  - iam
  - internal/version
  - pubsub
  - pubsub/apiv1
- name: github.com/golang/protobuf
  version: ab9f9a6dab164b7d1246e0e688b0ab7b94d8553e
  subpackages:
  - proto
  - protoc-gen-go/descriptor
  - ptypes
  - ptypes/any
  - ptypes/duration
  - ptypes/empty
  - ptypes/timestamp
- name: github.com/googleapis/gax-go
  version: 2cadd475a3e966ec9b77a21afc530dbacec6d613
- name: golang.org/x/net
  version: 1c05540f6879653db88113bc4a2b70aec4bd491f
  subpackages:
  - context
  - context/ctxhttp
  - http2
  - http2/hpack
  - idna
  - internal/timeseries
  - lex/httplex
  - trace
- name: golang.org/x/oauth2
  version: 9a379c6b3e95a790ffc43293c2a78dee0d7b6e20
  subpackages:
  - google
  - internal
  - jws
  - jwt
- name: golang.org/x/sync
  version: f52d1811a62927559de87708c8913c1650ce4f26
  subpackages:
  - errgroup
  - semaphore
- name: golang.org/x/text
  version: e56139fd9c5bc7244c76116c68e500765bb6db6b
  subpackages:
  - secure/bidirule
  - transform
  - unicode/bidi
  - unicode/norm
- name: google.golang.org/api
  version: dd6bdadc5852eae2d133075a3690d6ad744add48
  subpackages:
  - googleapi/transport
  - internal
  - iterator
  - option
  - support/bundler
  - transport
  - transport/grpc
  - transport/http
- name: google.golang.org/appengine
  version: d9a072cfa7b9736e44311ef77b3e09d804bfa599
  subpackages:
  - internal
  - internal/app_identity
  - internal/base
  - internal/datastore
  - internal/log
  - internal/modules
  - internal/remote_api
  - internal/socket
  - internal/urlfetch
  - socket
  - urlfetch
- name: google.golang.org/genproto
  version: ee236bd376b077c7a89f260c026c4735b195e459
  subpackages:
  - googleapis/api/annotations
  - googleapis/iam/v1
  - googleapis/pubsub/v1
  - googleapis/rpc/status
  - protobuf/field_mask
- name: google.golang.org/grpc
  version: 3ddcdc268d88595eb2f3721f7dc87970a6c3ab6e
  subpackages:
  - codes
  - credentials
  - credentials/oauth
  - grpclb/grpc_lb_v1
  - grpclog
  - internal
  - keepalive
  - metadata
  - naming
  - peer
  - stats
  - status
  - tap
  - transport
testImports: []
